
Microsoft Visual Studio Solution File, Format Version 12.00
# Visual Studio Version 17
VisualStudioVersion = 17.14.36221.1 d17.14
MinimumVisualStudioVersion = 10.0.40219.1
Project("{FAE04EC0-301F-11D3-BF4B-00C04F79EFBC}") = "Pull Infomation", "Pull Infomation\Pull Infomation.csproj", "{DFC6AB96-60E5-4DDC-BDD9-D737988F084B}"
EndProject
Global
	GlobalSection(SolutionConfigurationPlatforms) = preSolution
		Debug|Any CPU = Debug|Any CPU
		Debug|x64 = Debug|x64
		Release|Any CPU = Release|Any CPU
		Release|x64 = Release|x64
	EndGlobalSection
	GlobalSection(ProjectConfigurationPlatforms) = postSolution
		{DFC6AB96-60E5-4DDC-BDD9-D737988F084B}.Debug|Any CPU.ActiveCfg = Debug|Any CPU
		{DFC6AB96-60E5-4DDC-BDD9-D737988F084B}.Debug|Any CPU.Build.0 = Debug|Any CPU
		{DFC6AB96-60E5-4DDC-BDD9-D737988F084B}.Debug|x64.ActiveCfg = Debug|x64
		{DFC6AB96-60E5-4DDC-BDD9-D737988F084B}.Debug|x64.Build.0 = Debug|x64
		{DFC6AB96-60E5-4DDC-BDD9-D737988F084B}.Release|Any CPU.ActiveCfg = Release|Any CPU
		{DFC6AB96-60E5-4DDC-BDD9-D737988F084B}.Release|Any CPU.Build.0 = Release|Any CPU
		{DFC6AB96-60E5-4DDC-BDD9-D737988F084B}.Release|x64.ActiveCfg = Release|x64
		{DFC6AB96-60E5-4DDC-BDD9-D737988F084B}.Release|x64.Build.0 = Release|x64
	EndGlobalSection
	GlobalSection(SolutionProperties) = preSolution
		HideSolutionNode = FALSE
	EndGlobalSection
	GlobalSection(ExtensibilityGlobals) = postSolution
		SolutionGuid = {FB5A6759-BF43-4B25-AC71-321DBDD5BA9E}
	EndGlobalSection
EndGlobal
